
Microsoft Visual Studio Solution File, Format Version 12.00
# Visual Studio Version 16
VisualStudioVersion = 16.0.29418.71
MinimumVisualStudioVersion = 10.0.40219.1
Project("{9A19103F-16F7-4668-BE54-9A1E7A4F7556}") = "StbSharp.Shared", "modules\StbSharp.Shared\src\StbSharp.Shared.csproj", "{96712D28-DA50-4791-A944-C3504F31020C}"
EndProject
Project("{9A19103F-16F7-4668-BE54-9A1E7A4F7556}") = "StbSharp.TrueType", "src\StbSharp.TrueType.csproj", "{1BAE7655-19DD-4539-9885-3728941D98D7}"
EndProject
Global
	GlobalSection(SolutionConfigurationPlatforms) = preSolution
		Debug|Any CPU = Debug|Any CPU
		Release|Any CPU = Release|Any CPU
	EndGlobalSection
	GlobalSection(ProjectConfigurationPlatforms) = postSolution
		{96712D28-DA50-4791-A944-C3504F31020C}.Debug|Any CPU.ActiveCfg = Debug|Any CPU
		{96712D28-DA50-4791-A944-C3504F31020C}.Debug|Any CPU.Build.0 = Debug|Any CPU
		{96712D28-DA50-4791-A944-C3504F31020C}.Release|Any CPU.ActiveCfg = Release|Any CPU
		{96712D28-DA50-4791-A944-C3504F31020C}.Release|Any CPU.Build.0 = Release|Any CPU
		{1BAE7655-19DD-4539-9885-3728941D98D7}.Debug|Any CPU.ActiveCfg = Debug|Any CPU
		{1BAE7655-19DD-4539-9885-3728941D98D7}.Debug|Any CPU.Build.0 = Debug|Any CPU
		{1BAE7655-19DD-4539-9885-3728941D98D7}.Release|Any CPU.ActiveCfg = Release|Any CPU
		{1BAE7655-19DD-4539-9885-3728941D98D7}.Release|Any CPU.Build.0 = Release|Any CPU
	EndGlobalSection
	GlobalSection(SolutionProperties) = preSolution
		HideSolutionNode = FALSE
	EndGlobalSection
	GlobalSection(ExtensibilityGlobals) = postSolution
		SolutionGuid = {C9C812E7-F89A-4B6E-8F9D-981D5F8BBAB3}
	EndGlobalSection
EndGlobal
