
Microsoft Visual Studio Solution File, Format Version 12.00
# Visual Studio Version 16
VisualStudioVersion = 16.0.29418.71
MinimumVisualStudioVersion = 10.0.40219.1
Project("{2150E333-8FDC-42A3-9474-1A3956D46DE8}") = "StbSharp", "StbSharp", "{314ACA14-EC1F-4ECF-B902-A3D79850A1B2}"
EndProject
Project("{9A19103F-16F7-4668-BE54-9A1E7A4F7556}") = "StbTrueTypeSharp", "src\StbTrueTypeSharp\StbTrueTypeSharp.csproj", "{EC51229C-4DA6-4F17-AEFB-71166ED15036}"
EndProject
Project("{9A19103F-16F7-4668-BE54-9A1E7A4F7556}") = "StbSharp.Shared", "modules\StbSharp.Shared\src\StbSharp.Shared\StbSharp.Shared.csproj", "{47895342-AF31-49BF-8AF2-9D445A4785DD}"
EndProject
Global
	GlobalSection(SolutionConfigurationPlatforms) = preSolution
		Debug|Any CPU = Debug|Any CPU
		Debug|Mixed Platforms = Debug|Mixed Platforms
		Release|Any CPU = Release|Any CPU
		Release|Mixed Platforms = Release|Mixed Platforms
	EndGlobalSection
	GlobalSection(ProjectConfigurationPlatforms) = postSolution
		{EC51229C-4DA6-4F17-AEFB-71166ED15036}.Debug|Any CPU.ActiveCfg = Debug|Any CPU
		{EC51229C-4DA6-4F17-AEFB-71166ED15036}.Debug|Any CPU.Build.0 = Debug|Any CPU
		{EC51229C-4DA6-4F17-AEFB-71166ED15036}.Debug|Mixed Platforms.ActiveCfg = Debug|Any CPU
		{EC51229C-4DA6-4F17-AEFB-71166ED15036}.Debug|Mixed Platforms.Build.0 = Debug|Any CPU
		{EC51229C-4DA6-4F17-AEFB-71166ED15036}.Release|Any CPU.ActiveCfg = Release|Any CPU
		{EC51229C-4DA6-4F17-AEFB-71166ED15036}.Release|Any CPU.Build.0 = Release|Any CPU
		{EC51229C-4DA6-4F17-AEFB-71166ED15036}.Release|Mixed Platforms.ActiveCfg = Release|Any CPU
		{EC51229C-4DA6-4F17-AEFB-71166ED15036}.Release|Mixed Platforms.Build.0 = Release|Any CPU
		{47895342-AF31-49BF-8AF2-9D445A4785DD}.Debug|Any CPU.ActiveCfg = Debug|Any CPU
		{47895342-AF31-49BF-8AF2-9D445A4785DD}.Debug|Any CPU.Build.0 = Debug|Any CPU
		{47895342-AF31-49BF-8AF2-9D445A4785DD}.Debug|Mixed Platforms.ActiveCfg = Debug|Any CPU
		{47895342-AF31-49BF-8AF2-9D445A4785DD}.Debug|Mixed Platforms.Build.0 = Debug|Any CPU
		{47895342-AF31-49BF-8AF2-9D445A4785DD}.Release|Any CPU.ActiveCfg = Release|Any CPU
		{47895342-AF31-49BF-8AF2-9D445A4785DD}.Release|Any CPU.Build.0 = Release|Any CPU
		{47895342-AF31-49BF-8AF2-9D445A4785DD}.Release|Mixed Platforms.ActiveCfg = Release|Any CPU
		{47895342-AF31-49BF-8AF2-9D445A4785DD}.Release|Mixed Platforms.Build.0 = Release|Any CPU
	EndGlobalSection
	GlobalSection(SolutionProperties) = preSolution
		HideSolutionNode = FALSE
	EndGlobalSection
	GlobalSection(NestedProjects) = preSolution
		{EC51229C-4DA6-4F17-AEFB-71166ED15036} = {314ACA14-EC1F-4ECF-B902-A3D79850A1B2}
		{47895342-AF31-49BF-8AF2-9D445A4785DD} = {314ACA14-EC1F-4ECF-B902-A3D79850A1B2}
	EndGlobalSection
	GlobalSection(ExtensibilityGlobals) = postSolution
		SolutionGuid = {C9C812E7-F89A-4B6E-8F9D-981D5F8BBAB3}
	EndGlobalSection
EndGlobal
